{
  "version": 4,
  "terraform_version": "1.5.7",
  "serial": 17,
  "lineage": "2321f536-a315-e671-e8e2-5f05bb46df74",
  "outputs": {},
  "resources": [
    {
      "module": "module.ecr",
      "mode": "managed",
      "type": "aws_ecr_repository",
      "name": "app_ecr_repo",
      "provider": "provider[\"registry.terraform.io/hashicorp/aws\"]",
      "instances": [
        {
          "schema_version": 0,
          "attributes": {
            "arn": "arn:aws:ecr:us-east-1:098922872245:repository/products-partner-commissions",
            "encryption_configuration": [
              {
                "encryption_type": "AES256",
                "kms_key": ""
              }
            ],
            "force_delete": true,
            "id": "products-partner-commissions",
            "image_scanning_configuration": [
              {
                "scan_on_push": false
              }
            ],
            "image_tag_mutability": "MUTABLE",
            "name": "products-partner-commissions",
            "registry_id": "098922872245",
            "repository_url": "098922872245.dkr.ecr.us-east-1.amazonaws.com/products-partner-commissions",
            "tags": null,
            "tags_all": {},
            "timeouts": null
          },
          "sensitive_attributes": [],
          "private": "eyJlMmJmYjczMC1lY2FhLTExZTYtOGY4OC0zNDM2M2JjN2M0YzAiOnsiZGVsZXRlIjoxMjAwMDAwMDAwMDAwfX0="
        }
      ]
    },
    {
      "module": "module.ecr",
      "mode": "managed",
      "type": "null_resource",
      "name": "docker_build_push",
      "provider": "provider[\"registry.terraform.io/hashicorp/null\"]",
      "instances": [
        {
          "schema_version": 0,
          "attributes": {
            "id": "8868541249891198838",
            "triggers": null
          },
          "sensitive_attributes": [],
          "dependencies": [
            "module.ecr.aws_ecr_repository.app_ecr_repo"
          ]
        }
      ]
    },
    {
      "module": "module.ecs",
      "mode": "managed",
      "type": "aws_ecs_cluster",
      "name": "app_cluster",
      "provider": "provider[\"registry.terraform.io/hashicorp/aws\"]",
      "instances": [
        {
          "schema_version": 0,
          "attributes": {
            "arn": "arn:aws:ecs:us-east-1:098922872245:cluster/partner-commissions-cluster",
            "configuration": [],
            "id": "arn:aws:ecs:us-east-1:098922872245:cluster/partner-commissions-cluster",
            "name": "partner-commissions-cluster",
            "service_connect_defaults": [],
            "setting": [
              {
                "name": "containerInsights",
                "value": "disabled"
              }
            ],
            "tags": null,
            "tags_all": {}
          },
          "sensitive_attributes": [],
          "private": "bnVsbA=="
        }
      ]
    },
    {
      "module": "module.ecs",
      "mode": "managed",
      "type": "aws_ecs_service",
      "name": "app_service",
      "provider": "provider[\"registry.terraform.io/hashicorp/aws\"]",
      "instances": [
        {
          "schema_version": 1,
          "attributes": {
            "alarms": [],
            "availability_zone_rebalancing": "DISABLED",
            "capacity_provider_strategy": [],
            "cluster": "arn:aws:ecs:us-east-1:098922872245:cluster/partner-commissions-cluster",
            "deployment_circuit_breaker": [
              {
                "enable": false,
                "rollback": false
              }
            ],
            "deployment_controller": [
              {
                "type": "ECS"
              }
            ],
            "deployment_maximum_percent": 200,
            "deployment_minimum_healthy_percent": 100,
            "desired_count": 1,
            "enable_ecs_managed_tags": false,
            "enable_execute_command": false,
            "force_delete": null,
            "force_new_deployment": null,
            "health_check_grace_period_seconds": 0,
            "iam_role": "/aws-service-role/ecs.amazonaws.com/AWSServiceRoleForECS",
            "id": "arn:aws:ecs:us-east-1:098922872245:service/partner-commissions-cluster/partner-commissions-svc",
            "launch_type": "FARGATE",
            "load_balancer": [
              {
                "container_name": "partner-commissions-container",
                "container_port": 3009,
                "elb_name": "",
                "target_group_arn": "arn:aws:elasticloadbalancing:us-east-1:098922872245:targetgroup/partner-commissions-tg/3d339000532eb17b"
              }
            ],
            "name": "partner-commissions-svc",
            "network_configuration": [
              {
                "assign_public_ip": true,
                "security_groups": [
                  "sg-b69783ff"
                ],
                "subnets": [
                  "subnet-223bd57e",
                  "subnet-2e56a849"
                ]
              }
            ],
            "ordered_placement_strategy": [],
            "placement_constraints": [],
            "platform_version": "LATEST",
            "propagate_tags": "NONE",
            "scheduling_strategy": "REPLICA",
            "service_connect_configuration": [],
            "service_registries": [],
            "tags": null,
            "tags_all": {},
            "task_definition": "arn:aws:ecs:us-east-1:098922872245:task-definition/partner-commissions_task_definition:2",
            "timeouts": null,
            "triggers": {},
            "volume_configuration": [],
            "vpc_lattice_configurations": [],
            "wait_for_steady_state": false
          },
          "sensitive_attributes": [],
          "private": "eyJlMmJmYjczMC1lY2FhLTExZTYtOGY4OC0zNDM2M2JjN2M0YzAiOnsiY3JlYXRlIjoxMjAwMDAwMDAwMDAwLCJkZWxldGUiOjEyMDAwMDAwMDAwMDAsInVwZGF0ZSI6MTIwMDAwMDAwMDAwMH0sInNjaGVtYV92ZXJzaW9uIjoiMSJ9",
          "dependencies": [
            "module.ecr.aws_ecr_repository.app_ecr_repo",
            "module.ecs.aws_ecs_cluster.app_cluster",
            "module.s3.aws_s3_bucket.app_s3_bucket",
            "module.s3.aws_s3_bucket_policy.my_bucket_policy",
            "module.s3.aws_s3_bucket_public_access_block.app_bucket_public_access_block",
            "module.s3.aws_s3_bucket_versioning.app_s3_bucket_versioning",
            "module.s3.aws_s3_object.app_env_file",
            "module.security_group.aws_security_group.vpc_security_group",
            "module.subnets.aws_subnet.subnet_a",
            "module.subnets.aws_subnet.subnet_b",
            "module.target_group.aws_lb_target_group.ecs_tg",
            "module.task_definition.aws_ecs_task_definition.app_task",
            "module.vpc.aws_vpc.vpc_general"
          ]
        }
      ]
    },
    {
      "module": "module.load_balancer",
      "mode": "managed",
      "type": "aws_lb",
      "name": "app_alb",
      "provider": "provider[\"registry.terraform.io/hashicorp/aws\"]",
      "instances": [
        {
          "schema_version": 0,
          "attributes": {
            "access_logs": [
              {
                "bucket": "",
                "enabled": false,
                "prefix": ""
              }
            ],
            "arn": "arn:aws:elasticloadbalancing:us-east-1:098922872245:loadbalancer/app/partner-commissions-alb/3b13ebfdbf9344f4",
            "arn_suffix": "app/partner-commissions-alb/3b13ebfdbf9344f4",
            "client_keep_alive": 3600,
            "connection_logs": [
              {
                "bucket": "",
                "enabled": false,
                "prefix": ""
              }
            ],
            "customer_owned_ipv4_pool": "",
            "desync_mitigation_mode": "defensive",
            "dns_name": "partner-commissions-alb-1691975959.us-east-1.elb.amazonaws.com",
            "dns_record_client_routing_policy": null,
            "drop_invalid_header_fields": false,
            "enable_cross_zone_load_balancing": true,
            "enable_deletion_protection": false,
            "enable_http2": true,
            "enable_tls_version_and_cipher_suite_headers": false,
            "enable_waf_fail_open": false,
            "enable_xff_client_port": false,
            "enable_zonal_shift": false,
            "enforce_security_group_inbound_rules_on_private_link_traffic": "",
            "id": "arn:aws:elasticloadbalancing:us-east-1:098922872245:loadbalancer/app/partner-commissions-alb/3b13ebfdbf9344f4",
            "idle_timeout": 60,
            "internal": false,
            "ip_address_type": "ipv4",
            "load_balancer_type": "application",
            "name": "partner-commissions-alb",
            "name_prefix": "",
            "preserve_host_header": false,
            "security_groups": [
              "sg-b69783ff"
            ],
            "subnet_mapping": [
              {
                "allocation_id": "",
                "ipv6_address": "",
                "outpost_id": "",
                "private_ipv4_address": "",
                "subnet_id": "subnet-223bd57e"
              },
              {
                "allocation_id": "",
                "ipv6_address": "",
                "outpost_id": "",
                "private_ipv4_address": "",
                "subnet_id": "subnet-2e56a849"
              }
            ],
            "subnets": [
              "subnet-223bd57e",
              "subnet-2e56a849"
            ],
            "tags": {
              "Name": "partner-commissions-alb"
            },
            "tags_all": {
              "Name": "partner-commissions-alb"
            },
            "timeouts": null,
            "vpc_id": "vpc-8fc695f4",
            "xff_header_processing_mode": "append",
            "zone_id": "Z35SXDOTRQ7X7K"
          },
          "sensitive_attributes": [],
          "private": "eyJlMmJmYjczMC1lY2FhLTExZTYtOGY4OC0zNDM2M2JjN2M0YzAiOnsiY3JlYXRlIjo2MDAwMDAwMDAwMDAsImRlbGV0ZSI6NjAwMDAwMDAwMDAwLCJ1cGRhdGUiOjYwMDAwMDAwMDAwMH19",
          "dependencies": [
            "module.security_group.aws_security_group.vpc_security_group",
            "module.subnets.aws_subnet.subnet_a",
            "module.subnets.aws_subnet.subnet_b",
            "module.vpc.aws_vpc.vpc_general"
          ]
        }
      ]
    },
    {
      "module": "module.load_balancer",
      "mode": "managed",
      "type": "aws_lb_listener",
      "name": "http_listener",
      "provider": "provider[\"registry.terraform.io/hashicorp/aws\"]",
      "instances": [
        {
          "schema_version": 0,
          "attributes": {
            "alpn_policy": null,
            "arn": "arn:aws:elasticloadbalancing:us-east-1:098922872245:listener/app/partner-commissions-alb/3b13ebfdbf9344f4/0a02b33f23bc14e6",
            "certificate_arn": null,
            "default_action": [
              {
                "authenticate_cognito": [],
                "authenticate_oidc": [],
                "fixed_response": [],
                "forward": [],
                "order": 1,
                "redirect": [
                  {
                    "host": "#{host}",
                    "path": "/#{path}",
                    "port": "443",
                    "protocol": "HTTPS",
                    "query": "#{query}",
                    "status_code": "HTTP_301"
                  }
                ],
                "target_group_arn": "",
                "type": "redirect"
              }
            ],
            "id": "arn:aws:elasticloadbalancing:us-east-1:098922872245:listener/app/partner-commissions-alb/3b13ebfdbf9344f4/0a02b33f23bc14e6",
            "load_balancer_arn": "arn:aws:elasticloadbalancing:us-east-1:098922872245:loadbalancer/app/partner-commissions-alb/3b13ebfdbf9344f4",
            "mutual_authentication": [],
            "port": 80,
            "protocol": "HTTP",
            "routing_http_request_x_amzn_mtls_clientcert_header_name": null,
            "routing_http_request_x_amzn_mtls_clientcert_issuer_header_name": null,
            "routing_http_request_x_amzn_mtls_clientcert_leaf_header_name": null,
            "routing_http_request_x_amzn_mtls_clientcert_serial_number_header_name": null,
            "routing_http_request_x_amzn_mtls_clientcert_subject_header_name": null,
            "routing_http_request_x_amzn_mtls_clientcert_validity_header_name": null,
            "routing_http_request_x_amzn_tls_cipher_suite_header_name": null,
            "routing_http_request_x_amzn_tls_version_header_name": null,
            "routing_http_response_access_control_allow_credentials_header_value": "",
            "routing_http_response_access_control_allow_headers_header_value": "",
            "routing_http_response_access_control_allow_methods_header_value": "",
            "routing_http_response_access_control_allow_origin_header_value": "",
            "routing_http_response_access_control_expose_headers_header_value": "",
            "routing_http_response_access_control_max_age_header_value": "",
            "routing_http_response_content_security_policy_header_value": "",
            "routing_http_response_server_enabled": false,
            "routing_http_response_strict_transport_security_header_value": "",
            "routing_http_response_x_content_type_options_header_value": "",
            "routing_http_response_x_frame_options_header_value": "",
            "ssl_policy": "",
            "tags": null,
            "tags_all": {},
            "tcp_idle_timeout_seconds": null,
            "timeouts": null
          },
          "sensitive_attributes": [],
          "private": "eyJlMmJmYjczMC1lY2FhLTExZTYtOGY4OC0zNDM2M2JjN2M0YzAiOnsiY3JlYXRlIjozMDAwMDAwMDAwMDAsInVwZGF0ZSI6MzAwMDAwMDAwMDAwfX0=",
          "dependencies": [
            "module.load_balancer.aws_lb.app_alb",
            "module.security_group.aws_security_group.vpc_security_group",
            "module.subnets.aws_subnet.subnet_a",
            "module.subnets.aws_subnet.subnet_b",
            "module.vpc.aws_vpc.vpc_general"
          ]
        }
      ]
    },
    {
      "module": "module.load_balancer",
      "mode": "managed",
      "type": "aws_lb_listener",
      "name": "https_listener",
      "provider": "provider[\"registry.terraform.io/hashicorp/aws\"]",
      "instances": [
        {
          "schema_version": 0,
          "attributes": {
            "alpn_policy": null,
            "arn": "arn:aws:elasticloadbalancing:us-east-1:098922872245:listener/app/partner-commissions-alb/3b13ebfdbf9344f4/a8f61b6d1da0281d",
            "certificate_arn": "arn:aws:acm:us-east-1:098922872245:certificate/5cb522ff-8bfd-4384-9147-e543f2a851e1",
            "default_action": [
              {
                "authenticate_cognito": [],
                "authenticate_oidc": [],
                "fixed_response": [
                  {
                    "content_type": "text/plain",
                    "message_body": "502 Bad Gateway",
                    "status_code": "502"
                  }
                ],
                "forward": [],
                "order": 1,
                "redirect": [],
                "target_group_arn": "",
                "type": "fixed-response"
              }
            ],
            "id": "arn:aws:elasticloadbalancing:us-east-1:098922872245:listener/app/partner-commissions-alb/3b13ebfdbf9344f4/a8f61b6d1da0281d",
            "load_balancer_arn": "arn:aws:elasticloadbalancing:us-east-1:098922872245:loadbalancer/app/partner-commissions-alb/3b13ebfdbf9344f4",
            "mutual_authentication": [
              {
                "advertise_trust_store_ca_names": "",
                "ignore_client_certificate_expiry": false,
                "mode": "off",
                "trust_store_arn": ""
              }
            ],
            "port": 443,
            "protocol": "HTTPS",
            "routing_http_request_x_amzn_mtls_clientcert_header_name": "",
            "routing_http_request_x_amzn_mtls_clientcert_issuer_header_name": "",
            "routing_http_request_x_amzn_mtls_clientcert_leaf_header_name": "",
            "routing_http_request_x_amzn_mtls_clientcert_serial_number_header_name": "",
            "routing_http_request_x_amzn_mtls_clientcert_subject_header_name": "",
            "routing_http_request_x_amzn_mtls_clientcert_validity_header_name": "",
            "routing_http_request_x_amzn_tls_cipher_suite_header_name": "",
            "routing_http_request_x_amzn_tls_version_header_name": "",
            "routing_http_response_access_control_allow_credentials_header_value": "",
            "routing_http_response_access_control_allow_headers_header_value": "",
            "routing_http_response_access_control_allow_methods_header_value": "",
            "routing_http_response_access_control_allow_origin_header_value": "",
            "routing_http_response_access_control_expose_headers_header_value": "",
            "routing_http_response_access_control_max_age_header_value": "",
            "routing_http_response_content_security_policy_header_value": "",
            "routing_http_response_server_enabled": false,
            "routing_http_response_strict_transport_security_header_value": "",
            "routing_http_response_x_content_type_options_header_value": "",
            "routing_http_response_x_frame_options_header_value": "",
            "ssl_policy": "ELBSecurityPolicy-2016-08",
            "tags": null,
            "tags_all": {},
            "tcp_idle_timeout_seconds": null,
            "timeouts": null
          },
          "sensitive_attributes": [],
          "private": "eyJlMmJmYjczMC1lY2FhLTExZTYtOGY4OC0zNDM2M2JjN2M0YzAiOnsiY3JlYXRlIjozMDAwMDAwMDAwMDAsInVwZGF0ZSI6MzAwMDAwMDAwMDAwfX0=",
          "dependencies": [
            "module.load_balancer.aws_lb.app_alb",
            "module.security_group.aws_security_group.vpc_security_group",
            "module.subnets.aws_subnet.subnet_a",
            "module.subnets.aws_subnet.subnet_b",
            "module.vpc.aws_vpc.vpc_general"
          ]
        }
      ]
    },
    {
      "module": "module.load_balancer",
      "mode": "managed",
      "type": "aws_lb_listener_rule",
      "name": "https_host_header_rule",
      "provider": "provider[\"registry.terraform.io/hashicorp/aws\"]",
      "instances": [
        {
          "schema_version": 0,
          "attributes": {
            "action": [
              {
                "authenticate_cognito": [],
                "authenticate_oidc": [],
                "fixed_response": [],
                "forward": [],
                "order": 1,
                "redirect": [],
                "target_group_arn": "arn:aws:elasticloadbalancing:us-east-1:098922872245:targetgroup/partner-commissions-tg/3d339000532eb17b",
                "type": "forward"
              }
            ],
            "arn": "arn:aws:elasticloadbalancing:us-east-1:098922872245:listener-rule/app/partner-commissions-alb/3b13ebfdbf9344f4/a8f61b6d1da0281d/b86b9c8de788e45c",
            "condition": [
              {
                "host_header": [
                  {
                    "values": [
                      "pcs.instrumental.net"
                    ]
                  }
                ],
                "http_header": [],
                "http_request_method": [],
                "path_pattern": [],
                "query_string": [],
                "source_ip": []
              }
            ],
            "id": "arn:aws:elasticloadbalancing:us-east-1:098922872245:listener-rule/app/partner-commissions-alb/3b13ebfdbf9344f4/a8f61b6d1da0281d/b86b9c8de788e45c",
            "listener_arn": "arn:aws:elasticloadbalancing:us-east-1:098922872245:listener/app/partner-commissions-alb/3b13ebfdbf9344f4/a8f61b6d1da0281d",
            "priority": 1,
            "tags": null,
            "tags_all": {}
          },
          "sensitive_attributes": [],
          "private": "bnVsbA==",
          "dependencies": [
            "module.load_balancer.aws_lb.app_alb",
            "module.load_balancer.aws_lb_listener.https_listener",
            "module.security_group.aws_security_group.vpc_security_group",
            "module.subnets.aws_subnet.subnet_a",
            "module.subnets.aws_subnet.subnet_b",
            "module.target_group.aws_lb_target_group.ecs_tg",
            "module.vpc.aws_vpc.vpc_general"
          ]
        }
      ]
    },
    {
      "module": "module.s3",
      "mode": "managed",
      "type": "aws_s3_bucket",
      "name": "app_s3_bucket",
      "provider": "provider[\"registry.terraform.io/hashicorp/aws\"]",
      "instances": [
        {
          "schema_version": 0,
          "attributes": {
            "acceleration_status": "",
            "acl": null,
            "arn": "arn:aws:s3:::products-partner-commissions",
            "bucket": "products-partner-commissions",
            "bucket_domain_name": "products-partner-commissions.s3.amazonaws.com",
            "bucket_prefix": "",
            "bucket_regional_domain_name": "products-partner-commissions.s3.us-east-1.amazonaws.com",
            "cors_rule": [],
            "force_destroy": false,
            "grant": [
              {
                "id": "b60e43958636f8d505f0743965131c8e5086e4d2aea94d8d698bf8b24c045dea",
                "permissions": [
                  "FULL_CONTROL"
                ],
                "type": "CanonicalUser",
                "uri": ""
              }
            ],
            "hosted_zone_id": "Z3AQBSTGFYJSTF",
            "id": "products-partner-commissions",
            "lifecycle_rule": [],
            "logging": [],
            "object_lock_configuration": [],
            "object_lock_enabled": false,
            "policy": "",
            "region": "us-east-1",
            "replication_configuration": [],
            "request_payer": "BucketOwner",
            "server_side_encryption_configuration": [
              {
                "rule": [
                  {
                    "apply_server_side_encryption_by_default": [
                      {
                        "kms_master_key_id": "",
                        "sse_algorithm": "AES256"
                      }
                    ],
                    "bucket_key_enabled": false
                  }
                ]
              }
            ],
            "tags": {
              "Name": "App S3 Bucket"
            },
            "tags_all": {
              "Name": "App S3 Bucket"
            },
            "timeouts": null,
            "versioning": [
              {
                "enabled": false,
                "mfa_delete": false
              }
            ],
            "website": [],
            "website_domain": null,
            "website_endpoint": null
          },
          "sensitive_attributes": [],
          "private": "eyJlMmJmYjczMC1lY2FhLTExZTYtOGY4OC0zNDM2M2JjN2M0YzAiOnsiY3JlYXRlIjoxMjAwMDAwMDAwMDAwLCJkZWxldGUiOjM2MDAwMDAwMDAwMDAsInJlYWQiOjEyMDAwMDAwMDAwMDAsInVwZGF0ZSI6MTIwMDAwMDAwMDAwMH19"
        }
      ]
    },
    {
      "module": "module.s3",
      "mode": "managed",
      "type": "aws_s3_bucket_policy",
      "name": "my_bucket_policy",
      "provider": "provider[\"registry.terraform.io/hashicorp/aws\"]",
      "instances": [
        {
          "schema_version": 0,
          "attributes": {
            "bucket": "products-partner-commissions",
            "id": "products-partner-commissions",
            "policy": "{\"Statement\":[{\"Action\":\"s3:GetObject\",\"Effect\":\"Allow\",\"Principal\":{\"AWS\":\"arn:aws:iam::098922872245:role/ecsTaskExecutionRole\"},\"Resource\":\"arn:aws:s3:::products-partner-commissions/*.env\"},{\"Action\":\"s3:GetBucketLocation\",\"Effect\":\"Allow\",\"Principal\":{\"AWS\":\"arn:aws:iam::098922872245:role/ecsTaskExecutionRole\"},\"Resource\":\"arn:aws:s3:::products-partner-commissions\"}],\"Version\":\"2012-10-17\"}"
          },
          "sensitive_attributes": [],
          "private": "bnVsbA==",
          "dependencies": [
            "module.s3.aws_s3_bucket.app_s3_bucket"
          ]
        }
      ]
    },
    {
      "module": "module.s3",
      "mode": "managed",
      "type": "aws_s3_bucket_public_access_block",
      "name": "app_bucket_public_access_block",
      "provider": "provider[\"registry.terraform.io/hashicorp/aws\"]",
      "instances": [
        {
          "schema_version": 0,
          "attributes": {
            "block_public_acls": true,
            "block_public_policy": true,
            "bucket": "products-partner-commissions",
            "id": "products-partner-commissions",
            "ignore_public_acls": true,
            "restrict_public_buckets": true
          },
          "sensitive_attributes": [],
          "private": "bnVsbA==",
          "dependencies": [
            "module.s3.aws_s3_bucket.app_s3_bucket"
          ]
        }
      ]
    },
    {
      "module": "module.s3",
      "mode": "managed",
      "type": "aws_s3_bucket_versioning",
      "name": "app_s3_bucket_versioning",
      "provider": "provider[\"registry.terraform.io/hashicorp/aws\"]",
      "instances": [
        {
          "schema_version": 0,
          "attributes": {
            "bucket": "products-partner-commissions",
            "expected_bucket_owner": "",
            "id": "products-partner-commissions",
            "mfa": null,
            "versioning_configuration": [
              {
                "mfa_delete": "",
                "status": "Suspended"
              }
            ]
          },
          "sensitive_attributes": [],
          "private": "bnVsbA==",
          "dependencies": [
            "module.s3.aws_s3_bucket.app_s3_bucket"
          ]
        }
      ]
    },
    {
      "module": "module.s3",
      "mode": "managed",
      "type": "aws_s3_object",
      "name": "app_env_file",
      "provider": "provider[\"registry.terraform.io/hashicorp/aws\"]",
      "instances": [
        {
          "schema_version": 0,
          "attributes": {
            "acl": "private",
            "arn": "arn:aws:s3:::products-partner-commissions/.env",
            "bucket": "products-partner-commissions",
            "bucket_key_enabled": false,
            "cache_control": "",
            "checksum_algorithm": null,
            "checksum_crc32": "",
            "checksum_crc32c": "",
            "checksum_sha1": "",
            "checksum_sha256": "",
            "content": null,
            "content_base64": null,
            "content_disposition": "",
            "content_encoding": "",
            "content_language": "",
            "content_type": "text/plain",
            "etag": "ddaef7827ebd9fe3f8721ca81c078edb",
            "force_destroy": false,
            "id": ".env",
            "key": ".env",
            "kms_key_id": null,
            "metadata": null,
            "object_lock_legal_hold_status": "",
            "object_lock_mode": "",
            "object_lock_retain_until_date": "",
            "override_provider": [],
            "server_side_encryption": "AES256",
            "source": "s3/../../.env.prod",
            "source_hash": null,
            "storage_class": "STANDARD",
            "tags": null,
            "tags_all": {},
            "version_id": "null",
            "website_redirect": ""
          },
          "sensitive_attributes": [],
          "private": "bnVsbA==",
          "dependencies": [
            "module.s3.aws_s3_bucket.app_s3_bucket"
          ]
        }
      ]
    },
    {
      "module": "module.target_group",
      "mode": "managed",
      "type": "aws_lb_target_group",
      "name": "ecs_tg",
      "provider": "provider[\"registry.terraform.io/hashicorp/aws\"]",
      "instances": [
        {
          "schema_version": 0,
          "attributes": {
            "arn": "arn:aws:elasticloadbalancing:us-east-1:098922872245:targetgroup/partner-commissions-tg/3d339000532eb17b",
            "arn_suffix": "targetgroup/partner-commissions-tg/3d339000532eb17b",
            "connection_termination": null,
            "deregistration_delay": "300",
            "health_check": [
              {
                "enabled": true,
                "healthy_threshold": 2,
                "interval": 30,
                "matcher": "200",
                "path": "/",
                "port": "traffic-port",
                "protocol": "HTTP",
                "timeout": 5,
                "unhealthy_threshold": 2
              }
            ],
            "id": "arn:aws:elasticloadbalancing:us-east-1:098922872245:targetgroup/partner-commissions-tg/3d339000532eb17b",
            "ip_address_type": "ipv4",
            "lambda_multi_value_headers_enabled": false,
            "load_balancer_arns": [],
            "load_balancing_algorithm_type": "round_robin",
            "load_balancing_anomaly_mitigation": "off",
            "load_balancing_cross_zone_enabled": "use_load_balancer_configuration",
            "name": "partner-commissions-tg",
            "name_prefix": "",
            "port": 80,
            "preserve_client_ip": null,
            "protocol": "HTTP",
            "protocol_version": "HTTP1",
            "proxy_protocol_v2": false,
            "slow_start": 0,
            "stickiness": [
              {
                "cookie_duration": 86400,
                "cookie_name": "",
                "enabled": false,
                "type": "lb_cookie"
              }
            ],
            "tags": null,
            "tags_all": {},
            "target_failover": [
              {
                "on_deregistration": null,
                "on_unhealthy": null
              }
            ],
            "target_group_health": [
              {
                "dns_failover": [
                  {
                    "minimum_healthy_targets_count": "1",
                    "minimum_healthy_targets_percentage": "off"
                  }
                ],
                "unhealthy_state_routing": [
                  {
                    "minimum_healthy_targets_count": 1,
                    "minimum_healthy_targets_percentage": "off"
                  }
                ]
              }
            ],
            "target_health_state": [
              {
                "enable_unhealthy_connection_termination": null,
                "unhealthy_draining_interval": null
              }
            ],
            "target_type": "ip",
            "vpc_id": "vpc-8fc695f4"
          },
          "sensitive_attributes": [],
          "private": "bnVsbA==",
          "dependencies": [
            "module.vpc.aws_vpc.vpc_general"
          ]
        }
      ]
    },
    {
      "module": "module.task_definition",
      "mode": "managed",
      "type": "aws_cloudwatch_log_group",
      "name": "app_log_group",
      "provider": "provider[\"registry.terraform.io/hashicorp/aws\"]",
      "instances": [
        {
          "schema_version": 0,
          "attributes": {
            "arn": "arn:aws:logs:us-east-1:098922872245:log-group:/ecs/partner-commissions-task",
            "id": "/ecs/partner-commissions-task",
            "kms_key_id": "",
            "log_group_class": "STANDARD",
            "name": "/ecs/partner-commissions-task",
            "name_prefix": "",
            "retention_in_days": 7,
            "skip_destroy": false,
            "tags": {
              "Name": "partner-commissions-log-group"
            },
            "tags_all": {
              "Name": "partner-commissions-log-group"
            }
          },
          "sensitive_attributes": [],
          "private": "bnVsbA==",
          "dependencies": [
            "module.s3.aws_s3_bucket.app_s3_bucket",
            "module.s3.aws_s3_bucket_policy.my_bucket_policy",
            "module.s3.aws_s3_bucket_public_access_block.app_bucket_public_access_block",
            "module.s3.aws_s3_bucket_versioning.app_s3_bucket_versioning",
            "module.s3.aws_s3_object.app_env_file"
          ]
        }
      ]
    },
    {
      "module": "module.task_definition",
      "mode": "managed",
      "type": "aws_ecs_task_definition",
      "name": "app_task",
      "provider": "provider[\"registry.terraform.io/hashicorp/aws\"]",
      "instances": [
        {
          "schema_version": 1,
          "attributes": {
            "arn": "arn:aws:ecs:us-east-1:098922872245:task-definition/partner-commissions_task_definition:2",
            "arn_without_revision": "arn:aws:ecs:us-east-1:098922872245:task-definition/partner-commissions_task_definition",
            "container_definitions": "[{\"cpu\":1024,\"environment\":[{\"name\":\"APP_S3_BUCKET\",\"value\":\"arn:aws:s3:::products-partner-commissions/.env\"}],\"essential\":true,\"image\":\"098922872245.dkr.ecr.us-east-1.amazonaws.com/products-partner-commissions:latest\",\"logConfiguration\":{\"logDriver\":\"awslogs\",\"options\":{\"awslogs-group\":\"/ecs/partner-commissions-task\",\"awslogs-region\":\"us-east-1\",\"awslogs-stream-prefix\":\"partner-commissions\"}},\"memory\":3072,\"mountPoints\":[],\"name\":\"partner-commissions-container\",\"portMappings\":[{\"containerPort\":3009,\"hostPort\":3009,\"protocol\":\"tcp\"}],\"systemControls\":[],\"volumesFrom\":[]}]",
            "cpu": "1024",
            "ephemeral_storage": [],
            "execution_role_arn": "arn:aws:iam::098922872245:role/ecsTaskExecutionRole",
            "family": "partner-commissions_task_definition",
            "id": "partner-commissions_task_definition",
            "inference_accelerator": [],
            "ipc_mode": "",
            "memory": "3072",
            "network_mode": "awsvpc",
            "pid_mode": "",
            "placement_constraints": [],
            "proxy_configuration": [],
            "requires_compatibilities": [
              "FARGATE"
            ],
            "revision": 2,
            "runtime_platform": [],
            "skip_destroy": false,
            "tags": null,
            "tags_all": {},
            "task_role_arn": "arn:aws:iam::098922872245:role/ecsTaskExecutionRole",
            "track_latest": false,
            "volume": []
          },
          "sensitive_attributes": [],
          "private": "eyJzY2hlbWFfdmVyc2lvbiI6IjEifQ==",
          "dependencies": [
            "module.ecr.aws_ecr_repository.app_ecr_repo",
            "module.s3.aws_s3_bucket.app_s3_bucket",
            "module.s3.aws_s3_bucket_policy.my_bucket_policy",
            "module.s3.aws_s3_bucket_public_access_block.app_bucket_public_access_block",
            "module.s3.aws_s3_bucket_versioning.app_s3_bucket_versioning",
            "module.s3.aws_s3_object.app_env_file"
          ]
        }
      ]
    }
  ],
  "check_results": null
}
